
Microsoft Visual Studio Solution File, Format Version 12.00
# Visual Studio Version 17
VisualStudioVersion = 17.14.37216.2 d17.14
MinimumVisualStudioVersion = 10.0.40219.1
Project("{FAE04EC0-301F-11D3-BF4B-00C04F79EFBC}") = "ClothingStoreWeb", "ClothingStoreWeb\ClothingStoreWeb.csproj", "{94DBC97D-AFCB-4E3D-B305-00DAEC547CA8}"
EndProject
Global
	GlobalSection(SolutionConfigurationPlatforms) = preSolution
		Debug|Any CPU = Debug|Any CPU
		Release|Any CPU = Release|Any CPU
	EndGlobalSection
	GlobalSection(ProjectConfigurationPlatforms) = postSolution
		{94DBC97D-AFCB-4E3D-B305-00DAEC547CA8}.Debug|Any CPU.ActiveCfg = Debug|Any CPU
		{94DBC97D-AFCB-4E3D-B305-00DAEC547CA8}.Debug|Any CPU.Build.0 = Debug|Any CPU
		{94DBC97D-AFCB-4E3D-B305-00DAEC547CA8}.Release|Any CPU.ActiveCfg = Release|Any CPU
		{94DBC97D-AFCB-4E3D-B305-00DAEC547CA8}.Release|Any CPU.Build.0 = Release|Any CPU
	EndGlobalSection
	GlobalSection(SolutionProperties) = preSolution
		HideSolutionNode = FALSE
	EndGlobalSection
	GlobalSection(ExtensibilityGlobals) = postSolution
		SolutionGuid = {190DAF8A-E5FA-4253-94B7-40EAB79D99BB}
	EndGlobalSection
EndGlobal
